
Microsoft Visual Studio Solution File, Format Version 12.00
# Visual Studio 14
VisualStudioVersion = 14.0.25420.1
MinimumVisualStudioVersion = 10.0.40219.1
Project("{FAE04EC0-301F-11D3-BF4B-00C04F79EFBC}") = "FootballSystem.Models", "FootballSystem.Models\FootballSystem.Models.csproj", "{DCD9A13D-859D-4F47-915F-F1AA1647B9E9}"
EndProject
Project("{FAE04EC0-301F-11D3-BF4B-00C04F79EFBC}") = "FootballSystem.Data", "FootballSystem.Data\FootballSystem.Data.csproj", "{A2EDEE83-F931-4EB6-8DD5-3AF58241AF7B}"
EndProject
Project("{FAE04EC0-301F-11D3-BF4B-00C04F79EFBC}") = "FootballSystem.ConsoleClient", "FootballSystem.ConsoleClient\FootballSystem.ConsoleClient.csproj", "{CC6C2447-1F39-4890-AF6F-1193C311EEE5}"
EndProject
Project("{FAE04EC0-301F-11D3-BF4B-00C04F79EFBC}") = "FootballSystem.WindowsFormsClient", "FootballSystem.WindowsFormsClient\FootballSystem.WindowsFormsClient.csproj", "{B7EBF220-1502-406A-90FD-86A217FD8EB2}"
EndProject
Project("{FAE04EC0-301F-11D3-BF4B-00C04F79EFBC}") = "FootballSystem.PDFReporter", "FootballSystem.PDFReporter\FootballSystem.PDFReporter.csproj", "{E29E3753-C114-4CD5-8EB5-FF59F6660E8B}"
EndProject
Global
	GlobalSection(SolutionConfigurationPlatforms) = preSolution
		Debug|Any CPU = Debug|Any CPU
		Release|Any CPU = Release|Any CPU
	EndGlobalSection
	GlobalSection(ProjectConfigurationPlatforms) = postSolution
		{DCD9A13D-859D-4F47-915F-F1AA1647B9E9}.Debug|Any CPU.ActiveCfg = Debug|Any CPU
		{DCD9A13D-859D-4F47-915F-F1AA1647B9E9}.Debug|Any CPU.Build.0 = Debug|Any CPU
		{DCD9A13D-859D-4F47-915F-F1AA1647B9E9}.Release|Any CPU.ActiveCfg = Release|Any CPU
		{DCD9A13D-859D-4F47-915F-F1AA1647B9E9}.Release|Any CPU.Build.0 = Release|Any CPU
		{A2EDEE83-F931-4EB6-8DD5-3AF58241AF7B}.Debug|Any CPU.ActiveCfg = Debug|Any CPU
		{A2EDEE83-F931-4EB6-8DD5-3AF58241AF7B}.Debug|Any CPU.Build.0 = Debug|Any CPU
		{A2EDEE83-F931-4EB6-8DD5-3AF58241AF7B}.Release|Any CPU.ActiveCfg = Release|Any CPU
		{A2EDEE83-F931-4EB6-8DD5-3AF58241AF7B}.Release|Any CPU.Build.0 = Release|Any CPU
		{CC6C2447-1F39-4890-AF6F-1193C311EEE5}.Debug|Any CPU.ActiveCfg = Debug|Any CPU
		{CC6C2447-1F39-4890-AF6F-1193C311EEE5}.Debug|Any CPU.Build.0 = Debug|Any CPU
		{CC6C2447-1F39-4890-AF6F-1193C311EEE5}.Release|Any CPU.ActiveCfg = Release|Any CPU
		{CC6C2447-1F39-4890-AF6F-1193C311EEE5}.Release|Any CPU.Build.0 = Release|Any CPU
		{B7EBF220-1502-406A-90FD-86A217FD8EB2}.Debug|Any CPU.ActiveCfg = Debug|Any CPU
		{B7EBF220-1502-406A-90FD-86A217FD8EB2}.Debug|Any CPU.Build.0 = Debug|Any CPU
		{B7EBF220-1502-406A-90FD-86A217FD8EB2}.Release|Any CPU.ActiveCfg = Release|Any CPU
		{B7EBF220-1502-406A-90FD-86A217FD8EB2}.Release|Any CPU.Build.0 = Release|Any CPU
		{E29E3753-C114-4CD5-8EB5-FF59F6660E8B}.Debug|Any CPU.ActiveCfg = Debug|Any CPU
		{E29E3753-C114-4CD5-8EB5-FF59F6660E8B}.Debug|Any CPU.Build.0 = Debug|Any CPU
		{E29E3753-C114-4CD5-8EB5-FF59F6660E8B}.Release|Any CPU.ActiveCfg = Release|Any CPU
		{E29E3753-C114-4CD5-8EB5-FF59F6660E8B}.Release|Any CPU.Build.0 = Release|Any CPU
	EndGlobalSection
	GlobalSection(SolutionProperties) = preSolution
		HideSolutionNode = FALSE
	EndGlobalSection
EndGlobal
